// !$*UTF8*$!
{
	archiveVersion = 1;
	classes = {
	};
	objectVersion = 56;
	objects = {

/* Begin PBXBuildFile section */
		528A1B922C621650004FF200 /* WarshipRipApp.swift in Sources */ = {isa = PBXBuildFile; fileRef = 528A1B912C621650004FF200 /* WarshipRipApp.swift */; };
		528A1B942C621650004FF200 /* StatisticsView.swift in Sources */ = {isa = PBXBuildFile; fileRef = 528A1B932C621650004FF200 /* StatisticsView.swift */; };
		528A1B962C621651004FF200 /* Assets.xcassets in Resources */ = {isa = PBXBuildFile; fileRef = 528A1B952C621651004FF200 /* Assets.xcassets */; };
		528A1B992C621651004FF200 /* Preview Assets.xcassets in Resources */ = {isa = PBXBuildFile; fileRef = 528A1B982C621651004FF200 /* Preview Assets.xcassets */; };
		528A1BA12C62207D004FF200 /* WarStatus.swift in Sources */ = {isa = PBXBuildFile; fileRef = 528A1BA02C62207D004FF200 /* WarStatus.swift */; };
		528A1BA32C622093004FF200 /* GeneralStatistics.swift in Sources */ = {isa = PBXBuildFile; fileRef = 528A1BA22C622093004FF200 /* GeneralStatistics.swift */; };
		528A1BA52C6220A3004FF200 /* Statistics.swift in Sources */ = {isa = PBXBuildFile; fileRef = 528A1BA42C6220A3004FF200 /* Statistics.swift */; };
		528A1BAB2C6220ED004FF200 /* Endpoint.swift in Sources */ = {isa = PBXBuildFile; fileRef = 528A1BAA2C6220ED004FF200 /* Endpoint.swift */; };
		528A1BAD2C6220FB004FF200 /* NetworkService.swift in Sources */ = {isa = PBXBuildFile; fileRef = 528A1BAC2C6220FB004FF200 /* NetworkService.swift */; };
		528A1BAF2C622115004FF200 /* StatisticsViewModel.swift in Sources */ = {isa = PBXBuildFile; fileRef = 528A1BAE2C622115004FF200 /* StatisticsViewModel.swift */; };
		528A1BB12C6224E3004FF200 /* StatsType.swift in Sources */ = {isa = PBXBuildFile; fileRef = 528A1BB02C6224E3004FF200 /* StatsType.swift */; };
		528A1BB42C622521004FF200 /* String+ImageURL.swift in Sources */ = {isa = PBXBuildFile; fileRef = 528A1BB32C622521004FF200 /* String+ImageURL.swift */; };
		528A1BB72C635EB9004FF200 /* SDWebImageSwiftUI in Frameworks */ = {isa = PBXBuildFile; productRef = 528A1BB62C635EB9004FF200 /* SDWebImageSwiftUI */; };
		528A1BBA2C636039004FF200 /* SDWebImageSVGCoder in Frameworks */ = {isa = PBXBuildFile; productRef = 528A1BB92C636039004FF200 /* SDWebImageSVGCoder */; };
		528A1BBD2C63B301004FF200 /* StatsCell.swift in Sources */ = {isa = PBXBuildFile; fileRef = 528A1BBC2C63B301004FF200 /* StatsCell.swift */; };
		528A1BBF2C63BD51004FF200 /* String+Date.swift in Sources */ = {isa = PBXBuildFile; fileRef = 528A1BBE2C63BD51004FF200 /* String+Date.swift */; };
		528A1BC32C64E2D6004FF200 /* Date+Equal.swift in Sources */ = {isa = PBXBuildFile; fileRef = 528A1BC22C64E2D6004FF200 /* Date+Equal.swift */; };
		528A1BC52C64E3B5004FF200 /* Date+String.swift in Sources */ = {isa = PBXBuildFile; fileRef = 528A1BC42C64E3B5004FF200 /* Date+String.swift */; };
		528A1BC82C64E847004FF200 /* Color+App.swift in Sources */ = {isa = PBXBuildFile; fileRef = 528A1BC72C64E847004FF200 /* Color+App.swift */; };
		528A1BCA2C64F7C0004FF200 /* WarStatistics.swift in Sources */ = {isa = PBXBuildFile; fileRef = 528A1BC92C64F7C0004FF200 /* WarStatistics.swift */; };
/* End PBXBuildFile section */

/* Begin PBXFileReference section */
		528A1B8E2C621650004FF200 /* WarshipRip.app */ = {isa = PBXFileReference; explicitFileType = wrapper.application; includeInIndex = 0; path = WarshipRip.app; sourceTree = BUILT_PRODUCTS_DIR; };
		528A1B912C621650004FF200 /* WarshipRipApp.swift */ = {isa = PBXFileReference; lastKnownFileType = sourcecode.swift; path = WarshipRipApp.swift; sourceTree = "<group>"; };
		528A1B932C621650004FF200 /* StatisticsView.swift */ = {isa = PBXFileReference; lastKnownFileType = sourcecode.swift; path = StatisticsView.swift; sourceTree = "<group>"; };
		528A1B952C621651004FF200 /* Assets.xcassets */ = {isa = PBXFileReference; lastKnownFileType = folder.assetcatalog; path = Assets.xcassets; sourceTree = "<group>"; };
		528A1B982C621651004FF200 /* Preview Assets.xcassets */ = {isa = PBXFileReference; lastKnownFileType = folder.assetcatalog; path = "Preview Assets.xcassets"; sourceTree = "<group>"; };
		528A1BA02C62207D004FF200 /* WarStatus.swift */ = {isa = PBXFileReference; lastKnownFileType = sourcecode.swift; path = WarStatus.swift; sourceTree = "<group>"; };
		528A1BA22C622093004FF200 /* GeneralStatistics.swift */ = {isa = PBXFileReference; lastKnownFileType = sourcecode.swift; path = GeneralStatistics.swift; sourceTree = "<group>"; };
		528A1BA42C6220A3004FF200 /* Statistics.swift */ = {isa = PBXFileReference; lastKnownFileType = sourcecode.swift; path = Statistics.swift; sourceTree = "<group>"; };
		528A1BAA2C6220ED004FF200 /* Endpoint.swift */ = {isa = PBXFileReference; lastKnownFileType = sourcecode.swift; path = Endpoint.swift; sourceTree = "<group>"; };
		528A1BAC2C6220FB004FF200 /* NetworkService.swift */ = {isa = PBXFileReference; lastKnownFileType = sourcecode.swift; path = NetworkService.swift; sourceTree = "<group>"; };
		528A1BAE2C622115004FF200 /* StatisticsViewModel.swift */ = {isa = PBXFileReference; lastKnownFileType = sourcecode.swift; path = StatisticsViewModel.swift; sourceTree = "<group>"; };
		528A1BB02C6224E3004FF200 /* StatsType.swift */ = {isa = PBXFileReference; lastKnownFileType = sourcecode.swift; path = StatsType.swift; sourceTree = "<group>"; };
		528A1BB32C622521004FF200 /* String+ImageURL.swift */ = {isa = PBXFileReference; lastKnownFileType = sourcecode.swift; path = "String+ImageURL.swift"; sourceTree = "<group>"; };
		528A1BBC2C63B301004FF200 /* StatsCell.swift */ = {isa = PBXFileReference; lastKnownFileType = sourcecode.swift; path = StatsCell.swift; sourceTree = "<group>"; };
		528A1BBE2C63BD51004FF200 /* String+Date.swift */ = {isa = PBXFileReference; lastKnownFileType = sourcecode.swift; path = "String+Date.swift"; sourceTree = "<group>"; };
		528A1BC22C64E2D6004FF200 /* Date+Equal.swift */ = {isa = PBXFileReference; lastKnownFileType = sourcecode.swift; path = "Date+Equal.swift"; sourceTree = "<group>"; };
		528A1BC42C64E3B5004FF200 /* Date+String.swift */ = {isa = PBXFileReference; lastKnownFileType = sourcecode.swift; path = "Date+String.swift"; sourceTree = "<group>"; };
		528A1BC72C64E847004FF200 /* Color+App.swift */ = {isa = PBXFileReference; lastKnownFileType = sourcecode.swift; path = "Color+App.swift"; sourceTree = "<group>"; };
		528A1BC92C64F7C0004FF200 /* WarStatistics.swift */ = {isa = PBXFileReference; lastKnownFileType = sourcecode.swift; path = WarStatistics.swift; sourceTree = "<group>"; };
/* End PBXFileReference section */

/* Begin PBXFrameworksBuildPhase section */
		528A1B8B2C621650004FF200 /* Frameworks */ = {
			isa = PBXFrameworksBuildPhase;
			buildActionMask = 2147483647;
			files = (
				528A1BB72C635EB9004FF200 /* SDWebImageSwiftUI in Frameworks */,
				528A1BBA2C636039004FF200 /* SDWebImageSVGCoder in Frameworks */,
			);
			runOnlyForDeploymentPostprocessing = 0;
		};
/* End PBXFrameworksBuildPhase section */

/* Begin PBXGroup section */
		528A1B852C62164F004FF200 = {
			isa = PBXGroup;
			children = (
				528A1B902C621650004FF200 /* WarshipRip */,
				528A1B8F2C621650004FF200 /* Products */,
			);
			sourceTree = "<group>";
		};
		528A1B8F2C621650004FF200 /* Products */ = {
			isa = PBXGroup;
			children = (
				528A1B8E2C621650004FF200 /* WarshipRip.app */,
			);
			name = Products;
			sourceTree = "<group>";
		};
		528A1B902C621650004FF200 /* WarshipRip */ = {
			isa = PBXGroup;
			children = (
				528A1BA62C6220AE004FF200 /* Application */,
				528A1B9F2C622071004FF200 /* Models */,
				528A1BA92C6220D8004FF200 /* Services */,
				528A1BBB2C63B2AF004FF200 /* Cells */,
				528A1BA72C6220B7004FF200 /* Views */,
				528A1BB22C622501004FF200 /* Extensions */,
				528A1BA82C6220BD004FF200 /* Resources */,
				528A1B972C621651004FF200 /* Preview Content */,
			);
			path = WarshipRip;
			sourceTree = "<group>";
		};
		528A1B972C621651004FF200 /* Preview Content */ = {
			isa = PBXGroup;
			children = (
				528A1B982C621651004FF200 /* Preview Assets.xcassets */,
			);
			path = "Preview Content";
			sourceTree = "<group>";
		};
		528A1B9F2C622071004FF200 /* Models */ = {
			isa = PBXGroup;
			children = (
				528A1BA02C62207D004FF200 /* WarStatus.swift */,
				528A1BA22C622093004FF200 /* GeneralStatistics.swift */,
				528A1BC92C64F7C0004FF200 /* WarStatistics.swift */,
				528A1BA42C6220A3004FF200 /* Statistics.swift */,
				528A1BB02C6224E3004FF200 /* StatsType.swift */,
			);
			path = Models;
			sourceTree = "<group>";
		};
		528A1BA62C6220AE004FF200 /* Application */ = {
			isa = PBXGroup;
			children = (
				528A1B912C621650004FF200 /* WarshipRipApp.swift */,
			);
			path = Application;
			sourceTree = "<group>";
		};
		528A1BA72C6220B7004FF200 /* Views */ = {
			isa = PBXGroup;
			children = (
				528A1BAE2C622115004FF200 /* StatisticsViewModel.swift */,
				528A1B932C621650004FF200 /* StatisticsView.swift */,
			);
			path = Views;
			sourceTree = "<group>";
		};
		528A1BA82C6220BD004FF200 /* Resources */ = {
			isa = PBXGroup;
			children = (
				528A1B952C621651004FF200 /* Assets.xcassets */,
			);
			path = Resources;
			sourceTree = "<group>";
		};
		528A1BA92C6220D8004FF200 /* Services */ = {
			isa = PBXGroup;
			children = (
				528A1BAA2C6220ED004FF200 /* Endpoint.swift */,
				528A1BAC2C6220FB004FF200 /* NetworkService.swift */,
			);
			path = Services;
			sourceTree = "<group>";
		};
		528A1BB22C622501004FF200 /* Extensions */ = {
			isa = PBXGroup;
			children = (
				528A1BC62C64E83B004FF200 /* Color */,
				528A1BC02C64E2AF004FF200 /* String */,
				528A1BC12C64E2B6004FF200 /* Date */,
			);
			path = Extensions;
			sourceTree = "<group>";
		};
		528A1BBB2C63B2AF004FF200 /* Cells */ = {
			isa = PBXGroup;
			children = (
				528A1BBC2C63B301004FF200 /* StatsCell.swift */,
			);
			path = Cells;
			sourceTree = "<group>";
		};
		528A1BC02C64E2AF004FF200 /* String */ = {
			isa = PBXGroup;
			children = (
				528A1BB32C622521004FF200 /* String+ImageURL.swift */,
				528A1BBE2C63BD51004FF200 /* String+Date.swift */,
			);
			path = String;
			sourceTree = "<group>";
		};
		528A1BC12C64E2B6004FF200 /* Date */ = {
			isa = PBXGroup;
			children = (
				528A1BC22C64E2D6004FF200 /* Date+Equal.swift */,
				528A1BC42C64E3B5004FF200 /* Date+String.swift */,
			);
			path = Date;
			sourceTree = "<group>";
		};
		528A1BC62C64E83B004FF200 /* Color */ = {
			isa = PBXGroup;
			children = (
				528A1BC72C64E847004FF200 /* Color+App.swift */,
			);
			path = Color;
			sourceTree = "<group>";
		};
/* End PBXGroup section */

/* Begin PBXNativeTarget section */
		528A1B8D2C621650004FF200 /* WarshipRip */ = {
			isa = PBXNativeTarget;
			buildConfigurationList = 528A1B9C2C621651004FF200 /* Build configuration list for PBXNativeTarget "WarshipRip" */;
			buildPhases = (
				528A1B8A2C621650004FF200 /* Sources */,
				528A1B8B2C621650004FF200 /* Frameworks */,
				528A1B8C2C621650004FF200 /* Resources */,
			);
			buildRules = (
			);
			dependencies = (
			);
			name = WarshipRip;
			packageProductDependencies = (
				528A1BB62C635EB9004FF200 /* SDWebImageSwiftUI */,
				528A1BB92C636039004FF200 /* SDWebImageSVGCoder */,
			);
			productName = WarshipRip;
			productReference = 528A1B8E2C621650004FF200 /* WarshipRip.app */;
			productType = "com.apple.product-type.application";
		};
/* End PBXNativeTarget section */

/* Begin PBXProject section */
		528A1B862C62164F004FF200 /* Project object */ = {
			isa = PBXProject;
			attributes = {
				BuildIndependentTargetsInParallel = 1;
				LastSwiftUpdateCheck = 1540;
				LastUpgradeCheck = 1540;
				TargetAttributes = {
					528A1B8D2C621650004FF200 = {
						CreatedOnToolsVersion = 15.4;
					};
				};
			};
			buildConfigurationList = 528A1B892C62164F004FF200 /* Build configuration list for PBXProject "WarshipRip" */;
			compatibilityVersion = "Xcode 14.0";
			developmentRegion = en;
			hasScannedForEncodings = 0;
			knownRegions = (
				en,
				Base,
			);
			mainGroup = 528A1B852C62164F004FF200;
			packageReferences = (
				528A1BB52C635EB9004FF200 /* XCRemoteSwiftPackageReference "SDWebImageSwiftUI" */,
				528A1BB82C636039004FF200 /* XCRemoteSwiftPackageReference "SDWebImageSVGCoder" */,
			);
			productRefGroup = 528A1B8F2C621650004FF200 /* Products */;
			projectDirPath = "";
			projectRoot = "";
			targets = (
				528A1B8D2C621650004FF200 /* WarshipRip */,
			);
		};
/* End PBXProject section */

/* Begin PBXResourcesBuildPhase section */
		528A1B8C2C621650004FF200 /* Resources */ = {
			isa = PBXResourcesBuildPhase;
			buildActionMask = 2147483647;
			files = (
				528A1B992C621651004FF200 /* Preview Assets.xcassets in Resources */,
				528A1B962C621651004FF200 /* Assets.xcassets in Resources */,
			);
			runOnlyForDeploymentPostprocessing = 0;
		};
/* End PBXResourcesBuildPhase section */

/* Begin PBXSourcesBuildPhase section */
		528A1B8A2C621650004FF200 /* Sources */ = {
			isa = PBXSourcesBuildPhase;
			buildActionMask = 2147483647;
			files = (
				528A1BC52C64E3B5004FF200 /* Date+String.swift in Sources */,
				528A1BC82C64E847004FF200 /* Color+App.swift in Sources */,
				528A1B942C621650004FF200 /* StatisticsView.swift in Sources */,
				528A1BCA2C64F7C0004FF200 /* WarStatistics.swift in Sources */,
				528A1B922C621650004FF200 /* WarshipRipApp.swift in Sources */,
				528A1BB12C6224E3004FF200 /* StatsType.swift in Sources */,
				528A1BA12C62207D004FF200 /* WarStatus.swift in Sources */,
				528A1BBF2C63BD51004FF200 /* String+Date.swift in Sources */,
				528A1BB42C622521004FF200 /* String+ImageURL.swift in Sources */,
				528A1BAF2C622115004FF200 /* StatisticsViewModel.swift in Sources */,
				528A1BA52C6220A3004FF200 /* Statistics.swift in Sources */,
				528A1BAB2C6220ED004FF200 /* Endpoint.swift in Sources */,
				528A1BA32C622093004FF200 /* GeneralStatistics.swift in Sources */,
				528A1BBD2C63B301004FF200 /* StatsCell.swift in Sources */,
				528A1BC32C64E2D6004FF200 /* Date+Equal.swift in Sources */,
				528A1BAD2C6220FB004FF200 /* NetworkService.swift in Sources */,
			);
			runOnlyForDeploymentPostprocessing = 0;
		};
/* End PBXSourcesBuildPhase section */

/* Begin XCBuildConfiguration section */
		528A1B9A2C621651004FF200 /* Debug */ = {
			isa = XCBuildConfiguration;
			buildSettings = {
				ALWAYS_SEARCH_USER_PATHS = NO;
				ASSETCATALOG_COMPILER_GENERATE_SWIFT_ASSET_SYMBOL_EXTENSIONS = YES;
				CLANG_ANALYZER_NONNULL = YES;
				CLANG_ANALYZER_NUMBER_OBJECT_CONVERSION = YES_AGGRESSIVE;
				CLANG_CXX_LANGUAGE_STANDARD = "gnu++20";
				CLANG_ENABLE_MODULES = YES;
				CLANG_ENABLE_OBJC_ARC = YES;
				CLANG_ENABLE_OBJC_WEAK = YES;
				CLANG_WARN_BLOCK_CAPTURE_AUTORELEASING = YES;
				CLANG_WARN_BOOL_CONVERSION = YES;
				CLANG_WARN_COMMA = YES;
				CLANG_WARN_CONSTANT_CONVERSION = YES;
				CLANG_WARN_DEPRECATED_OBJC_IMPLEMENTATIONS = YES;
				CLANG_WARN_DIRECT_OBJC_ISA_USAGE = YES_ERROR;
				CLANG_WARN_DOCUMENTATION_COMMENTS = YES;
				CLANG_WARN_EMPTY_BODY = YES;
				CLANG_WARN_ENUM_CONVERSION = YES;
				CLANG_WARN_INFINITE_RECURSION = YES;
				CLANG_WARN_INT_CONVERSION = YES;
				CLANG_WARN_NON_LITERAL_NULL_CONVERSION = YES;
				CLANG_WARN_OBJC_IMPLICIT_RETAIN_SELF = YES;
				CLANG_WARN_OBJC_LITERAL_CONVERSION = YES;
				CLANG_WARN_OBJC_ROOT_CLASS = YES_ERROR;
				CLANG_WARN_QUOTED_INCLUDE_IN_FRAMEWORK_HEADER = YES;
				CLANG_WARN_RANGE_LOOP_ANALYSIS = YES;
				CLANG_WARN_STRICT_PROTOTYPES = YES;
				CLANG_WARN_SUSPICIOUS_MOVE = YES;
				CLANG_WARN_UNGUARDED_AVAILABILITY = YES_AGGRESSIVE;
				CLANG_WARN_UNREACHABLE_CODE = YES;
				CLANG_WARN__DUPLICATE_METHOD_MATCH = YES;
				COPY_PHASE_STRIP = NO;
				DEBUG_INFORMATION_FORMAT = dwarf;
				ENABLE_STRICT_OBJC_MSGSEND = YES;
				ENABLE_TESTABILITY = YES;
				ENABLE_USER_SCRIPT_SANDBOXING = YES;
				GCC_C_LANGUAGE_STANDARD = gnu17;
				GCC_DYNAMIC_NO_PIC = NO;
				GCC_NO_COMMON_BLOCKS = YES;
				GCC_OPTIMIZATION_LEVEL = 0;
				GCC_PREPROCESSOR_DEFINITIONS = (
					"DEBUG=1",
					"$(inherited)",
				);
				GCC_WARN_64_TO_32_BIT_CONVERSION = YES;
				GCC_WARN_ABOUT_RETURN_TYPE = YES_ERROR;
				GCC_WARN_UNDECLARED_SELECTOR = YES;
				GCC_WARN_UNINITIALIZED_AUTOS = YES_AGGRESSIVE;
				GCC_WARN_UNUSED_FUNCTION = YES;
				GCC_WARN_UNUSED_VARIABLE = YES;
				IPHONEOS_DEPLOYMENT_TARGET = 17.5;
				LOCALIZATION_PREFERS_STRING_CATALOGS = YES;
				MTL_ENABLE_DEBUG_INFO = INCLUDE_SOURCE;
				MTL_FAST_MATH = YES;
				ONLY_ACTIVE_ARCH = YES;
				SDKROOT = iphoneos;
				SWIFT_ACTIVE_COMPILATION_CONDITIONS = "DEBUG $(inherited)";
				SWIFT_OPTIMIZATION_LEVEL = "-Onone";
			};
			name = Debug;
		};
		528A1B9B2C621651004FF200 /* Release */ = {
			isa = XCBuildConfiguration;
			buildSettings = {
				ALWAYS_SEARCH_USER_PATHS = NO;
				ASSETCATALOG_COMPILER_GENERATE_SWIFT_ASSET_SYMBOL_EXTENSIONS = YES;
				CLANG_ANALYZER_NONNULL = YES;
				CLANG_ANALYZER_NUMBER_OBJECT_CONVERSION = YES_AGGRESSIVE;
				CLANG_CXX_LANGUAGE_STANDARD = "gnu++20";
				CLANG_ENABLE_MODULES = YES;
				CLANG_ENABLE_OBJC_ARC = YES;
				CLANG_ENABLE_OBJC_WEAK = YES;
				CLANG_WARN_BLOCK_CAPTURE_AUTORELEASING = YES;
				CLANG_WARN_BOOL_CONVERSION = YES;
				CLANG_WARN_COMMA = YES;
				CLANG_WARN_CONSTANT_CONVERSION = YES;
				CLANG_WARN_DEPRECATED_OBJC_IMPLEMENTATIONS = YES;
				CLANG_WARN_DIRECT_OBJC_ISA_USAGE = YES_ERROR;
				CLANG_WARN_DOCUMENTATION_COMMENTS = YES;
				CLANG_WARN_EMPTY_BODY = YES;
				CLANG_WARN_ENUM_CONVERSION = YES;
				CLANG_WARN_INFINITE_RECURSION = YES;
				CLANG_WARN_INT_CONVERSION = YES;
				CLANG_WARN_NON_LITERAL_NULL_CONVERSION = YES;
				CLANG_WARN_OBJC_IMPLICIT_RETAIN_SELF = YES;
				CLANG_WARN_OBJC_LITERAL_CONVERSION = YES;
				CLANG_WARN_OBJC_ROOT_CLASS = YES_ERROR;
				CLANG_WARN_QUOTED_INCLUDE_IN_FRAMEWORK_HEADER = YES;
				CLANG_WARN_RANGE_LOOP_ANALYSIS = YES;
				CLANG_WARN_STRICT_PROTOTYPES = YES;
				CLANG_WARN_SUSPICIOUS_MOVE = YES;
				CLANG_WARN_UNGUARDED_AVAILABILITY = YES_AGGRESSIVE;
				CLANG_WARN_UNREACHABLE_CODE = YES;
				CLANG_WARN__DUPLICATE_METHOD_MATCH = YES;
				COPY_PHASE_STRIP = NO;
				DEBUG_INFORMATION_FORMAT = "dwarf-with-dsym";
				ENABLE_NS_ASSERTIONS = NO;
				ENABLE_STRICT_OBJC_MSGSEND = YES;
				ENABLE_USER_SCRIPT_SANDBOXING = YES;
				GCC_C_LANGUAGE_STANDARD = gnu17;
				GCC_NO_COMMON_BLOCKS = YES;
				GCC_WARN_64_TO_32_BIT_CONVERSION = YES;
				GCC_WARN_ABOUT_RETURN_TYPE = YES_ERROR;
				GCC_WARN_UNDECLARED_SELECTOR = YES;
				GCC_WARN_UNINITIALIZED_AUTOS = YES_AGGRESSIVE;
				GCC_WARN_UNUSED_FUNCTION = YES;
				GCC_WARN_UNUSED_VARIABLE = YES;
				IPHONEOS_DEPLOYMENT_TARGET = 17.5;
				LOCALIZATION_PREFERS_STRING_CATALOGS = YES;
				MTL_ENABLE_DEBUG_INFO = NO;
				MTL_FAST_MATH = YES;
				SDKROOT = iphoneos;
				SWIFT_COMPILATION_MODE = wholemodule;
				VALIDATE_PRODUCT = YES;
			};
			name = Release;
		};
		528A1B9D2C621651004FF200 /* Debug */ = {
			isa = XCBuildConfiguration;
			buildSettings = {
				ASSETCATALOG_COMPILER_APPICON_NAME = AppIcon;
				ASSETCATALOG_COMPILER_GLOBAL_ACCENT_COLOR_NAME = AccentColor;
				CODE_SIGN_STYLE = Automatic;
				CURRENT_PROJECT_VERSION = 1;
				DEVELOPMENT_ASSET_PATHS = "\"WarshipRip/Preview Content\"";
				DEVELOPMENT_TEAM = Z67C29K2Q6;
				ENABLE_PREVIEWS = YES;
				GENERATE_INFOPLIST_FILE = YES;
				INFOPLIST_KEY_UIApplicationSceneManifest_Generation = YES;
				INFOPLIST_KEY_UIApplicationSupportsIndirectInputEvents = YES;
				INFOPLIST_KEY_UILaunchScreen_Generation = YES;
				INFOPLIST_KEY_UISupportedInterfaceOrientations_iPad = "UIInterfaceOrientationPortrait UIInterfaceOrientationPortraitUpsideDown UIInterfaceOrientationLandscapeLeft UIInterfaceOrientationLandscapeRight";
				INFOPLIST_KEY_UISupportedInterfaceOrientations_iPhone = "UIInterfaceOrientationPortrait UIInterfaceOrientationLandscapeLeft UIInterfaceOrientationLandscapeRight";
				LD_RUNPATH_SEARCH_PATHS = (
					"$(inherited)",
					"@executable_path/Frameworks",
				);
				MARKETING_VERSION = 1.0;
				PRODUCT_BUNDLE_IDENTIFIER = com.bondar.WarshipRip;
				PRODUCT_NAME = "$(TARGET_NAME)";
				SWIFT_EMIT_LOC_STRINGS = YES;
				SWIFT_VERSION = 5.0;
				TARGETED_DEVICE_FAMILY = "1,2";
			};
			name = Debug;
		};
		528A1B9E2C621651004FF200 /* Release */ = {
			isa = XCBuildConfiguration;
			buildSettings = {
				ASSETCATALOG_COMPILER_APPICON_NAME = AppIcon;
				ASSETCATALOG_COMPILER_GLOBAL_ACCENT_COLOR_NAME = AccentColor;
				CODE_SIGN_STYLE = Automatic;
				CURRENT_PROJECT_VERSION = 1;
				DEVELOPMENT_ASSET_PATHS = "\"WarshipRip/Preview Content\"";
				DEVELOPMENT_TEAM = Z67C29K2Q6;
				ENABLE_PREVIEWS = YES;
				GENERATE_INFOPLIST_FILE = YES;
				INFOPLIST_KEY_UIApplicationSceneManifest_Generation = YES;
				INFOPLIST_KEY_UIApplicationSupportsIndirectInputEvents = YES;
				INFOPLIST_KEY_UILaunchScreen_Generation = YES;
				INFOPLIST_KEY_UISupportedInterfaceOrientations_iPad = "UIInterfaceOrientationPortrait UIInterfaceOrientationPortraitUpsideDown UIInterfaceOrientationLandscapeLeft UIInterfaceOrientationLandscapeRight";
				INFOPLIST_KEY_UISupportedInterfaceOrientations_iPhone = "UIInterfaceOrientationPortrait UIInterfaceOrientationLandscapeLeft UIInterfaceOrientationLandscapeRight";
				LD_RUNPATH_SEARCH_PATHS = (
					"$(inherited)",
					"@executable_path/Frameworks",
				);
				MARKETING_VERSION = 1.0;
				PRODUCT_BUNDLE_IDENTIFIER = com.bondar.WarshipRip;
				PRODUCT_NAME = "$(TARGET_NAME)";
				SWIFT_EMIT_LOC_STRINGS = YES;
				SWIFT_VERSION = 5.0;
				TARGETED_DEVICE_FAMILY = "1,2";
			};
			name = Release;
		};
/* End XCBuildConfiguration section */

/* Begin XCConfigurationList section */
		528A1B892C62164F004FF200 /* Build configuration list for PBXProject "WarshipRip" */ = {
			isa = XCConfigurationList;
			buildConfigurations = (
				528A1B9A2C621651004FF200 /* Debug */,
				528A1B9B2C621651004FF200 /* Release */,
			);
			defaultConfigurationIsVisible = 0;
			defaultConfigurationName = Release;
		};
		528A1B9C2C621651004FF200 /* Build configuration list for PBXNativeTarget "WarshipRip" */ = {
			isa = XCConfigurationList;
			buildConfigurations = (
				528A1B9D2C621651004FF200 /* Debug */,
				528A1B9E2C621651004FF200 /* Release */,
			);
			defaultConfigurationIsVisible = 0;
			defaultConfigurationName = Release;
		};
/* End XCConfigurationList section */

/* Begin XCRemoteSwiftPackageReference section */
		528A1BB52C635EB9004FF200 /* XCRemoteSwiftPackageReference "SDWebImageSwiftUI" */ = {
			isa = XCRemoteSwiftPackageReference;
			repositoryURL = "https://github.com/SDWebImage/SDWebImageSwiftUI.git";
			requirement = {
				kind = upToNextMajorVersion;
				minimumVersion = 3.1.1;
			};
		};
		528A1BB82C636039004FF200 /* XCRemoteSwiftPackageReference "SDWebImageSVGCoder" */ = {
			isa = XCRemoteSwiftPackageReference;
			repositoryURL = "https://github.com/SDWebImage/SDWebImageSVGCoder";
			requirement = {
				kind = upToNextMajorVersion;
				minimumVersion = 1.7.0;
			};
		};
/* End XCRemoteSwiftPackageReference section */

/* Begin XCSwiftPackageProductDependency section */
		528A1BB62C635EB9004FF200 /* SDWebImageSwiftUI */ = {
			isa = XCSwiftPackageProductDependency;
			package = 528A1BB52C635EB9004FF200 /* XCRemoteSwiftPackageReference "SDWebImageSwiftUI" */;
			productName = SDWebImageSwiftUI;
		};
		528A1BB92C636039004FF200 /* SDWebImageSVGCoder */ = {
			isa = XCSwiftPackageProductDependency;
			package = 528A1BB82C636039004FF200 /* XCRemoteSwiftPackageReference "SDWebImageSVGCoder" */;
			productName = SDWebImageSVGCoder;
		};
/* End XCSwiftPackageProductDependency section */
	};
	rootObject = 528A1B862C62164F004FF200 /* Project object */;
}
